
Microsoft Visual Studio Solution File, Format Version 12.00
# Visual Studio Version 16
VisualStudioVersion = 16.0.30503.244
MinimumVisualStudioVersion = 10.0.40219.1
Project("{FAE04EC0-301F-11D3-BF4B-00C04F79EFBC}") = "3DModelThingy", "3DModelThingy\3DModelThingy.csproj", "{F5C586E8-B80D-4598-A804-6D71CBAF4769}"
EndProject
Global
	GlobalSection(SolutionConfigurationPlatforms) = preSolution
		Debug|Any CPU = Debug|Any CPU
		Release|Any CPU = Release|Any CPU
	EndGlobalSection
	GlobalSection(ProjectConfigurationPlatforms) = postSolution
		{F5C586E8-B80D-4598-A804-6D71CBAF4769}.Debug|Any CPU.ActiveCfg = Debug|Any CPU
		{F5C586E8-B80D-4598-A804-6D71CBAF4769}.Debug|Any CPU.Build.0 = Debug|Any CPU
		{F5C586E8-B80D-4598-A804-6D71CBAF4769}.Release|Any CPU.ActiveCfg = Release|Any CPU
		{F5C586E8-B80D-4598-A804-6D71CBAF4769}.Release|Any CPU.Build.0 = Release|Any CPU
	EndGlobalSection
	GlobalSection(SolutionProperties) = preSolution
		HideSolutionNode = FALSE
	EndGlobalSection
	GlobalSection(ExtensibilityGlobals) = postSolution
		SolutionGuid = {BE84C2C1-1A64-4AFE-B4A7-5301816D4511}
	EndGlobalSection
EndGlobal
